
Microsoft Visual Studio Solution File, Format Version 12.00
# Visual Studio Version 17
VisualStudioVersion = 17.2.32616.157
MinimumVisualStudioVersion = 10.0.40219.1
Project("{9A19103F-16F7-4668-BE54-9A1E7A4F7556}") = "Singleton", "Singleton\Singleton.csproj", "{5589F534-C2A6-485C-ABE2-D557374A3563}"
EndProject
Project("{9A19103F-16F7-4668-BE54-9A1E7A4F7556}") = "PrototypePattern", "PrototypePattern\PrototypePattern.csproj", "{F1F44FEA-FDC8-4BA4-8AB5-AD9182C2AC8C}"
EndProject
Project("{9A19103F-16F7-4668-BE54-9A1E7A4F7556}") = "Facade", "Facade\Facade.csproj", "{E62AE84E-6E7D-438E-8167-3635639265F3}"
EndProject
Project("{9A19103F-16F7-4668-BE54-9A1E7A4F7556}") = "CompositePattern", "CompositePattern\CompositePattern.csproj", "{A120F3F3-FF37-425A-9B3A-F5602A3E0748}"
EndProject
Project("{9A19103F-16F7-4668-BE54-9A1E7A4F7556}") = "CommandPattern", "CommandPattern\CommandPattern.csproj", "{C282504D-D0CF-4147-BA99-2BEFBE40158C}"
EndProject
Project("{FAE04EC0-301F-11D3-BF4B-00C04F79EFBC}") = "ShallowDeepCopy", "ShallowDeepCopy\ShallowDeepCopy.csproj", "{45DFD90C-FAB7-48C3-A372-9E1DCE9B3CF6}"
EndProject
Project("{FAE04EC0-301F-11D3-BF4B-00C04F79EFBC}") = "CompositePatternII", "CompositePatternII\CompositePatternII.csproj", "{EBA02478-E4B4-4529-9ECA-2FA3A0E15581}"
EndProject
Project("{FAE04EC0-301F-11D3-BF4B-00C04F79EFBC}") = "TemplatePattern", "TemplatePattern\TemplatePattern.csproj", "{C8737839-F1D1-4550-A7DA-47FC38E06608}"
EndProject
Global
	GlobalSection(SolutionConfigurationPlatforms) = preSolution
		Debug|Any CPU = Debug|Any CPU
		Release|Any CPU = Release|Any CPU
	EndGlobalSection
	GlobalSection(ProjectConfigurationPlatforms) = postSolution
		{5589F534-C2A6-485C-ABE2-D557374A3563}.Debug|Any CPU.ActiveCfg = Debug|Any CPU
		{5589F534-C2A6-485C-ABE2-D557374A3563}.Debug|Any CPU.Build.0 = Debug|Any CPU
		{5589F534-C2A6-485C-ABE2-D557374A3563}.Release|Any CPU.ActiveCfg = Release|Any CPU
		{5589F534-C2A6-485C-ABE2-D557374A3563}.Release|Any CPU.Build.0 = Release|Any CPU
		{F1F44FEA-FDC8-4BA4-8AB5-AD9182C2AC8C}.Debug|Any CPU.ActiveCfg = Debug|Any CPU
		{F1F44FEA-FDC8-4BA4-8AB5-AD9182C2AC8C}.Debug|Any CPU.Build.0 = Debug|Any CPU
		{F1F44FEA-FDC8-4BA4-8AB5-AD9182C2AC8C}.Release|Any CPU.ActiveCfg = Release|Any CPU
		{F1F44FEA-FDC8-4BA4-8AB5-AD9182C2AC8C}.Release|Any CPU.Build.0 = Release|Any CPU
		{E62AE84E-6E7D-438E-8167-3635639265F3}.Debug|Any CPU.ActiveCfg = Debug|Any CPU
		{E62AE84E-6E7D-438E-8167-3635639265F3}.Debug|Any CPU.Build.0 = Debug|Any CPU
		{E62AE84E-6E7D-438E-8167-3635639265F3}.Release|Any CPU.ActiveCfg = Release|Any CPU
		{E62AE84E-6E7D-438E-8167-3635639265F3}.Release|Any CPU.Build.0 = Release|Any CPU
		{A120F3F3-FF37-425A-9B3A-F5602A3E0748}.Debug|Any CPU.ActiveCfg = Debug|Any CPU
		{A120F3F3-FF37-425A-9B3A-F5602A3E0748}.Debug|Any CPU.Build.0 = Debug|Any CPU
		{A120F3F3-FF37-425A-9B3A-F5602A3E0748}.Release|Any CPU.ActiveCfg = Release|Any CPU
		{A120F3F3-FF37-425A-9B3A-F5602A3E0748}.Release|Any CPU.Build.0 = Release|Any CPU
		{C282504D-D0CF-4147-BA99-2BEFBE40158C}.Debug|Any CPU.ActiveCfg = Debug|Any CPU
		{C282504D-D0CF-4147-BA99-2BEFBE40158C}.Debug|Any CPU.Build.0 = Debug|Any CPU
		{C282504D-D0CF-4147-BA99-2BEFBE40158C}.Release|Any CPU.ActiveCfg = Release|Any CPU
		{C282504D-D0CF-4147-BA99-2BEFBE40158C}.Release|Any CPU.Build.0 = Release|Any CPU
		{45DFD90C-FAB7-48C3-A372-9E1DCE9B3CF6}.Debug|Any CPU.ActiveCfg = Debug|Any CPU
		{45DFD90C-FAB7-48C3-A372-9E1DCE9B3CF6}.Debug|Any CPU.Build.0 = Debug|Any CPU
		{45DFD90C-FAB7-48C3-A372-9E1DCE9B3CF6}.Release|Any CPU.ActiveCfg = Release|Any CPU
		{45DFD90C-FAB7-48C3-A372-9E1DCE9B3CF6}.Release|Any CPU.Build.0 = Release|Any CPU
		{EBA02478-E4B4-4529-9ECA-2FA3A0E15581}.Debug|Any CPU.ActiveCfg = Debug|Any CPU
		{EBA02478-E4B4-4529-9ECA-2FA3A0E15581}.Debug|Any CPU.Build.0 = Debug|Any CPU
		{EBA02478-E4B4-4529-9ECA-2FA3A0E15581}.Release|Any CPU.ActiveCfg = Release|Any CPU
		{EBA02478-E4B4-4529-9ECA-2FA3A0E15581}.Release|Any CPU.Build.0 = Release|Any CPU
		{C8737839-F1D1-4550-A7DA-47FC38E06608}.Debug|Any CPU.ActiveCfg = Debug|Any CPU
		{C8737839-F1D1-4550-A7DA-47FC38E06608}.Debug|Any CPU.Build.0 = Debug|Any CPU
		{C8737839-F1D1-4550-A7DA-47FC38E06608}.Release|Any CPU.ActiveCfg = Release|Any CPU
		{C8737839-F1D1-4550-A7DA-47FC38E06608}.Release|Any CPU.Build.0 = Release|Any CPU
	EndGlobalSection
	GlobalSection(SolutionProperties) = preSolution
		HideSolutionNode = FALSE
	EndGlobalSection
	GlobalSection(ExtensibilityGlobals) = postSolution
		SolutionGuid = {B3B839BC-F8B8-4977-A50E-E87B299080E0}
	EndGlobalSection
EndGlobal
